PODS:
  - Flutter (1.0.0)
  - flutter_native_splash (2.4.3):
    - Flutter
  - image_picker_ios (0.0.1):
    - Flutter
  - mapbox_maps_flutter (2.8.0):
    - Flutter
    - MapboxMaps (= 11.12.0)
    - Turf (= 4.0.0)
  - MapboxCommon (24.12.0):
    - Turf (= 4.0.0)
  - MapboxCoreMaps (11.12.0):
    - MapboxCommon (= 24.12.0)
  - MapboxMaps (11.12.0):
    - MapboxCommon (= 24.12.0)
    - MapboxCoreMaps (= 11.12.0)
    - Turf (= 4.0.0)
  - path_provider_foundation (0.0.1):
    - Flutter
    - FlutterMacOS
  - share_plus (0.0.1):
    - Flutter
  - shared_preferences_foundation (0.0.1):
    - Flutter
    - FlutterMacOS
  - Turf (4.0.0)

DEPENDENCIES:
  - Flutter (from `Flutter`)
  - flutter_native_splash (from `.symlinks/plugins/flutter_native_splash/ios`)
  - image_picker_ios (from `.symlinks/plugins/image_picker_ios/ios`)
  - mapbox_maps_flutter (from `.symlinks/plugins/mapbox_maps_flutter/ios`)
  - path_provider_foundation (from `.symlinks/plugins/path_provider_foundation/darwin`)
  - share_plus (from `.symlinks/plugins/share_plus/ios`)
  - shared_preferences_foundation (from `.symlinks/plugins/shared_preferences_foundation/darwin`)

SPEC REPOS:
  trunk:
    - MapboxCommon
    - MapboxCoreMaps
    - MapboxMaps
    - Turf

EXTERNAL SOURCES:
  Flutter:
    :path: Flutter
  flutter_native_splash:
    :path: ".symlinks/plugins/flutter_native_splash/ios"
  image_picker_ios:
    :path: ".symlinks/plugins/image_picker_ios/ios"
  mapbox_maps_flutter:
    :path: ".symlinks/plugins/mapbox_maps_flutter/ios"
  path_provider_foundation:
    :path: ".symlinks/plugins/path_provider_foundation/darwin"
  share_plus:
    :path: ".symlinks/plugins/share_plus/ios"
  shared_preferences_foundation:
    :path: ".symlinks/plugins/shared_preferences_foundation/darwin"

SPEC CHECKSUMS:
  Flutter: e0871f40cf51350855a761d2e70bf5af5b9b5de7
  flutter_native_splash: df59bb2e1421aa0282cb2e95618af4dcb0c56c29
  image_picker_ios: c560581cceedb403a6ff17f2f816d7fea1421fc1
  mapbox_maps_flutter: 8cfc72243833dd9249c5b98824e5ec43914492a5
  MapboxCommon: 5be9807f4d03e616ecf470ab8202f0d88ecbd459
  MapboxCoreMaps: 036e9ce8711450a368304e30adc0156383357096
  MapboxMaps: 9539e2193f6723b3179d1e8243aac5abf9b0e365
  path_provider_foundation: 2b6b4c569c0fb62ec74538f866245ac84301af46
  share_plus: c3fef564749587fc939ef86ffb283ceac0baf9f5
  shared_preferences_foundation: fcdcbc04712aee1108ac7fda236f363274528f78
  Turf: c9eb11a65d96af58cac523460fd40fec5061b081

PODFILE CHECKSUM: d28505276392d1f67296bf4add5665d0593c374c

COCOAPODS: 1.16.2
